speakeasyVersion: 1.600.2
sources:
    BlackBox API:
        sourceNamespace: black-box-api
        sourceRevisionDigest: sha256:a3afeca5d0f016f306ab43b493465753228db63e22038f7a46c05fae2d296f01
        sourceBlobDigest: sha256:87c20c3980fe4ad1b41db621253ef60d290f6f9d387e4168ca03870ac96b805d
        tags:
            - latest
            - speakeasy-sdk-regen-1754787159
            - 1.0.0
targets:
    blackbox:
        source: BlackBox API
        sourceNamespace: black-box-api
        sourceRevisionDigest: sha256:234b00a3770d552079ce128498739ada2fe14e370e18990dfe9da4b1299adf72
        sourceBlobDigest: sha256:a8dccf6d96e339bbe28d5bdd0851df278a20fde16b233252594d0422a23918bf
        codeSamplesNamespace: black-box-api-typescript-code-samples
        codeSamplesRevisionDigest: sha256:4915b05cca0b43edb0a5972fab376c846d02c246f1f768f53976ef40af362704
    blackboxlabs-sdk:
        source: BlackBox API
        sourceNamespace: black-box-api
        sourceRevisionDigest: sha256:a3afeca5d0f016f306ab43b493465753228db63e22038f7a46c05fae2d296f01
        sourceBlobDigest: sha256:87c20c3980fe4ad1b41db621253ef60d290f6f9d387e4168ca03870ac96b805d
        codeSamplesNamespace: black-box-api-typescript-code-samples
        codeSamplesRevisionDigest: sha256:847aea0ea37f38dd0522b26db290ae40e1d9034e9ba17c3d587dfd57e12eead6
workflow:
    workflowVersion: 1.0.0
    speakeasyVersion: latest
    sources:
        BlackBox API:
            inputs:
                - location: https://staging-api.blckbox.dev/api-docs/openapi.json
            overlays:
                - location: .speakeasy/speakeasy-modifications-overlay.yaml
            output: .speakeasy/out.openapi.yaml
            registry:
                location: registry.speakeasyapi.dev/blackbox/api/black-box-api
    targets:
        blackboxlabs-sdk:
            target: typescript
            source: BlackBox API
            publish:
                npm:
                    token: $npm_token
            codeSamples:
                registry:
                    location: registry.speakeasyapi.dev/blackbox/api/black-box-api-typescript-code-samples
                labelOverride:
                    fixedValue: Typescript (SDK)
                blocking: false
