speakeasyVersion: 1.598.3
sources:
    BlackBox API:
        sourceNamespace: black-box-api
        sourceRevisionDigest: sha256:c745cda2033a4a2a35349ecd916d9f9623d74675b5d0ecbf718f70c84e2f9289
        sourceBlobDigest: sha256:808ecf70066044e1fa45e431b3ba1c66852a8bed8f44e906e349ec8cedb08fed
        tags:
            - latest
            - speakeasy-sdk-regen-1754551868
            - 1.0.0
targets:
    blackbox:
        source: BlackBox API
        sourceNamespace: black-box-api
        sourceRevisionDigest: sha256:234b00a3770d552079ce128498739ada2fe14e370e18990dfe9da4b1299adf72
        sourceBlobDigest: sha256:a8dccf6d96e339bbe28d5bdd0851df278a20fde16b233252594d0422a23918bf
        codeSamplesNamespace: black-box-api-typescript-code-samples
        codeSamplesRevisionDigest: sha256:4915b05cca0b43edb0a5972fab376c846d02c246f1f768f53976ef40af362704
    blackboxlabs-sdk:
        source: BlackBox API
        sourceNamespace: black-box-api
        sourceRevisionDigest: sha256:c745cda2033a4a2a35349ecd916d9f9623d74675b5d0ecbf718f70c84e2f9289
        sourceBlobDigest: sha256:808ecf70066044e1fa45e431b3ba1c66852a8bed8f44e906e349ec8cedb08fed
        codeSamplesNamespace: black-box-api-typescript-code-samples
        codeSamplesRevisionDigest: sha256:7aad797d3dd47e87662623d9dd2bb64ceb6dba0bbb1d75d4bc407ed06bb4cbf1
workflow:
    workflowVersion: 1.0.0
    speakeasyVersion: latest
    sources:
        BlackBox API:
            inputs:
                - location: https://staging-api.blckbox.dev/api-docs/openapi.json
            overlays:
                - location: .speakeasy/speakeasy-modifications-overlay.yaml
            output: .speakeasy/out.openapi.yaml
            registry:
                location: registry.speakeasyapi.dev/blackbox/api/black-box-api
    targets:
        blackboxlabs-sdk:
            target: typescript
            source: BlackBox API
            publish:
                npm:
                    token: $npm_token
            codeSamples:
                registry:
                    location: registry.speakeasyapi.dev/blackbox/api/black-box-api-typescript-code-samples
                labelOverride:
                    fixedValue: Typescript (SDK)
                blocking: false
